
Microsoft Visual Studio Solution File, Format Version 12.00
# Visual Studio Version 17
VisualStudioVersion = 17.2.32602.215
MinimumVisualStudioVersion = 10.0.40219.1
Project("{2150E333-8FDC-42A3-9474-1A3956D46DE8}") = "src", "src", "{114B45AC-E390-446D-8AA4-F10C6077ECFE}"
EndProject
Project("{9A19103F-16F7-4668-BE54-9A1E7A4F7556}") = "FFmpeg.Loader", "src\FFmpeg.Loader\FFmpeg.Loader.csproj", "{8C756F4A-BDCA-4887-8BBD-FEF1B487A08C}"
EndProject
Project("{2150E333-8FDC-42A3-9474-1A3956D46DE8}") = "tests", "tests", "{23F76E13-88D2-4287-969E-76EC37182A01}"
EndProject
Project("{9A19103F-16F7-4668-BE54-9A1E7A4F7556}") = "FFmpeg.Loader.Tests", "tests\FFmpeg.Loader.Tests\FFmpeg.Loader.Tests.csproj", "{8312CA61-71CA-46AC-A830-9E70D5FEE0F7}"
EndProject
Project("{2150E333-8FDC-42A3-9474-1A3956D46DE8}") = "!Solution Items", "!Solution Items", "{A46D3E95-FB75-4012-AB32-187CC945BA86}"
	ProjectSection(SolutionItems) = preProject
		.editorconfig = .editorconfig
		Directory.Build.props = Directory.Build.props
		.github\workflows\dotnet.yml = .github\workflows\dotnet.yml
		LICENSE = LICENSE
		README.md = README.md
	EndProjectSection
EndProject
Project("{2150E333-8FDC-42A3-9474-1A3956D46DE8}") = "samples", "samples", "{AED10084-9FE1-4DE4-BF20-0168D3579612}"
EndProject
Project("{9A19103F-16F7-4668-BE54-9A1E7A4F7556}") = "BasicSample", "samples\BasicSample\BasicSample.csproj", "{25C7166A-4D2E-4A8F-AA8E-1CB110B35126}"
EndProject
Project("{9A19103F-16F7-4668-BE54-9A1E7A4F7556}") = "DockerBundledFFmpeg4Sample", "samples\DockerBundledFFmpeg4Sample\DockerBundledFFmpeg4Sample.csproj", "{3F577A88-10E9-4987-8901-58B19A209F37}"
EndProject
Project("{9A19103F-16F7-4668-BE54-9A1E7A4F7556}") = "DockerExternalFFmpeg4Sample", "samples\DockerExternalFFmpeg4Sample\DockerExternalFFmpeg4Sample.csproj", "{72E53BB1-5013-4FBF-8E78-2DC784305E50}"
EndProject
Project("{9A19103F-16F7-4668-BE54-9A1E7A4F7556}") = "DockerExternalFFmpeg5Sample", "samples\DockerExternalFFmpeg5Sample\DockerExternalFFmpeg5Sample.csproj", "{770F89B7-B545-4BEF-9187-DCD34EB3C3B5}"
EndProject
Global
	GlobalSection(SolutionConfigurationPlatforms) = preSolution
		Debug|Any CPU = Debug|Any CPU
		Debug|x64 = Debug|x64
		Debug|x86 = Debug|x86
		Release|Any CPU = Release|Any CPU
		Release|x64 = Release|x64
		Release|x86 = Release|x86
	EndGlobalSection
	GlobalSection(ProjectConfigurationPlatforms) = postSolution
		{8C756F4A-BDCA-4887-8BBD-FEF1B487A08C}.Debug|Any CPU.ActiveCfg = Debug|Any CPU
		{8C756F4A-BDCA-4887-8BBD-FEF1B487A08C}.Debug|Any CPU.Build.0 = Debug|Any CPU
		{8C756F4A-BDCA-4887-8BBD-FEF1B487A08C}.Debug|x64.ActiveCfg = Debug|Any CPU
		{8C756F4A-BDCA-4887-8BBD-FEF1B487A08C}.Debug|x64.Build.0 = Debug|Any CPU
		{8C756F4A-BDCA-4887-8BBD-FEF1B487A08C}.Debug|x86.ActiveCfg = Debug|Any CPU
		{8C756F4A-BDCA-4887-8BBD-FEF1B487A08C}.Debug|x86.Build.0 = Debug|Any CPU
		{8C756F4A-BDCA-4887-8BBD-FEF1B487A08C}.Release|Any CPU.ActiveCfg = Release|Any CPU
		{8C756F4A-BDCA-4887-8BBD-FEF1B487A08C}.Release|Any CPU.Build.0 = Release|Any CPU
		{8C756F4A-BDCA-4887-8BBD-FEF1B487A08C}.Release|x64.ActiveCfg = Release|Any CPU
		{8C756F4A-BDCA-4887-8BBD-FEF1B487A08C}.Release|x64.Build.0 = Release|Any CPU
		{8C756F4A-BDCA-4887-8BBD-FEF1B487A08C}.Release|x86.ActiveCfg = Release|Any CPU
		{8C756F4A-BDCA-4887-8BBD-FEF1B487A08C}.Release|x86.Build.0 = Release|Any CPU
		{8312CA61-71CA-46AC-A830-9E70D5FEE0F7}.Debug|Any CPU.ActiveCfg = Debug|Any CPU
		{8312CA61-71CA-46AC-A830-9E70D5FEE0F7}.Debug|Any CPU.Build.0 = Debug|Any CPU
		{8312CA61-71CA-46AC-A830-9E70D5FEE0F7}.Debug|x64.ActiveCfg = Debug|Any CPU
		{8312CA61-71CA-46AC-A830-9E70D5FEE0F7}.Debug|x64.Build.0 = Debug|Any CPU
		{8312CA61-71CA-46AC-A830-9E70D5FEE0F7}.Debug|x86.ActiveCfg = Debug|Any CPU
		{8312CA61-71CA-46AC-A830-9E70D5FEE0F7}.Debug|x86.Build.0 = Debug|Any CPU
		{8312CA61-71CA-46AC-A830-9E70D5FEE0F7}.Release|Any CPU.ActiveCfg = Release|Any CPU
		{8312CA61-71CA-46AC-A830-9E70D5FEE0F7}.Release|Any CPU.Build.0 = Release|Any CPU
		{8312CA61-71CA-46AC-A830-9E70D5FEE0F7}.Release|x64.ActiveCfg = Release|Any CPU
		{8312CA61-71CA-46AC-A830-9E70D5FEE0F7}.Release|x64.Build.0 = Release|Any CPU
		{8312CA61-71CA-46AC-A830-9E70D5FEE0F7}.Release|x86.ActiveCfg = Release|Any CPU
		{8312CA61-71CA-46AC-A830-9E70D5FEE0F7}.Release|x86.Build.0 = Release|Any CPU
		{25C7166A-4D2E-4A8F-AA8E-1CB110B35126}.Debug|Any CPU.ActiveCfg = Debug|Any CPU
		{25C7166A-4D2E-4A8F-AA8E-1CB110B35126}.Debug|Any CPU.Build.0 = Debug|Any CPU
		{25C7166A-4D2E-4A8F-AA8E-1CB110B35126}.Debug|x64.ActiveCfg = Debug|Any CPU
		{25C7166A-4D2E-4A8F-AA8E-1CB110B35126}.Debug|x64.Build.0 = Debug|Any CPU
		{25C7166A-4D2E-4A8F-AA8E-1CB110B35126}.Debug|x86.ActiveCfg = Debug|Any CPU
		{25C7166A-4D2E-4A8F-AA8E-1CB110B35126}.Debug|x86.Build.0 = Debug|Any CPU
		{25C7166A-4D2E-4A8F-AA8E-1CB110B35126}.Release|Any CPU.ActiveCfg = Release|Any CPU
		{25C7166A-4D2E-4A8F-AA8E-1CB110B35126}.Release|Any CPU.Build.0 = Release|Any CPU
		{25C7166A-4D2E-4A8F-AA8E-1CB110B35126}.Release|x64.ActiveCfg = Release|Any CPU
		{25C7166A-4D2E-4A8F-AA8E-1CB110B35126}.Release|x64.Build.0 = Release|Any CPU
		{25C7166A-4D2E-4A8F-AA8E-1CB110B35126}.Release|x86.ActiveCfg = Release|Any CPU
		{25C7166A-4D2E-4A8F-AA8E-1CB110B35126}.Release|x86.Build.0 = Release|Any CPU
		{3F577A88-10E9-4987-8901-58B19A209F37}.Debug|Any CPU.ActiveCfg = Debug|Any CPU
		{3F577A88-10E9-4987-8901-58B19A209F37}.Debug|Any CPU.Build.0 = Debug|Any CPU
		{3F577A88-10E9-4987-8901-58B19A209F37}.Debug|x64.ActiveCfg = Debug|Any CPU
		{3F577A88-10E9-4987-8901-58B19A209F37}.Debug|x64.Build.0 = Debug|Any CPU
		{3F577A88-10E9-4987-8901-58B19A209F37}.Debug|x86.ActiveCfg = Debug|Any CPU
		{3F577A88-10E9-4987-8901-58B19A209F37}.Debug|x86.Build.0 = Debug|Any CPU
		{3F577A88-10E9-4987-8901-58B19A209F37}.Release|Any CPU.ActiveCfg = Release|Any CPU
		{3F577A88-10E9-4987-8901-58B19A209F37}.Release|Any CPU.Build.0 = Release|Any CPU
		{3F577A88-10E9-4987-8901-58B19A209F37}.Release|x64.ActiveCfg = Release|Any CPU
		{3F577A88-10E9-4987-8901-58B19A209F37}.Release|x64.Build.0 = Release|Any CPU
		{3F577A88-10E9-4987-8901-58B19A209F37}.Release|x86.ActiveCfg = Release|Any CPU
		{3F577A88-10E9-4987-8901-58B19A209F37}.Release|x86.Build.0 = Release|Any CPU
		{72E53BB1-5013-4FBF-8E78-2DC784305E50}.Debug|Any CPU.ActiveCfg = Debug|Any CPU
		{72E53BB1-5013-4FBF-8E78-2DC784305E50}.Debug|Any CPU.Build.0 = Debug|Any CPU
		{72E53BB1-5013-4FBF-8E78-2DC784305E50}.Debug|x64.ActiveCfg = Debug|Any CPU
		{72E53BB1-5013-4FBF-8E78-2DC784305E50}.Debug|x64.Build.0 = Debug|Any CPU
		{72E53BB1-5013-4FBF-8E78-2DC784305E50}.Debug|x86.ActiveCfg = Debug|Any CPU
		{72E53BB1-5013-4FBF-8E78-2DC784305E50}.Debug|x86.Build.0 = Debug|Any CPU
		{72E53BB1-5013-4FBF-8E78-2DC784305E50}.Release|Any CPU.ActiveCfg = Release|Any CPU
		{72E53BB1-5013-4FBF-8E78-2DC784305E50}.Release|Any CPU.Build.0 = Release|Any CPU
		{72E53BB1-5013-4FBF-8E78-2DC784305E50}.Release|x64.ActiveCfg = Release|Any CPU
		{72E53BB1-5013-4FBF-8E78-2DC784305E50}.Release|x64.Build.0 = Release|Any CPU
		{72E53BB1-5013-4FBF-8E78-2DC784305E50}.Release|x86.ActiveCfg = Release|Any CPU
		{72E53BB1-5013-4FBF-8E78-2DC784305E50}.Release|x86.Build.0 = Release|Any CPU
		{770F89B7-B545-4BEF-9187-DCD34EB3C3B5}.Debug|Any CPU.ActiveCfg = Debug|Any CPU
		{770F89B7-B545-4BEF-9187-DCD34EB3C3B5}.Debug|Any CPU.Build.0 = Debug|Any CPU
		{770F89B7-B545-4BEF-9187-DCD34EB3C3B5}.Debug|x64.ActiveCfg = Debug|Any CPU
		{770F89B7-B545-4BEF-9187-DCD34EB3C3B5}.Debug|x64.Build.0 = Debug|Any CPU
		{770F89B7-B545-4BEF-9187-DCD34EB3C3B5}.Debug|x86.ActiveCfg = Debug|Any CPU
		{770F89B7-B545-4BEF-9187-DCD34EB3C3B5}.Debug|x86.Build.0 = Debug|Any CPU
		{770F89B7-B545-4BEF-9187-DCD34EB3C3B5}.Release|Any CPU.ActiveCfg = Release|Any CPU
		{770F89B7-B545-4BEF-9187-DCD34EB3C3B5}.Release|Any CPU.Build.0 = Release|Any CPU
		{770F89B7-B545-4BEF-9187-DCD34EB3C3B5}.Release|x64.ActiveCfg = Release|Any CPU
		{770F89B7-B545-4BEF-9187-DCD34EB3C3B5}.Release|x64.Build.0 = Release|Any CPU
		{770F89B7-B545-4BEF-9187-DCD34EB3C3B5}.Release|x86.ActiveCfg = Release|Any CPU
		{770F89B7-B545-4BEF-9187-DCD34EB3C3B5}.Release|x86.Build.0 = Release|Any CPU
	EndGlobalSection
	GlobalSection(SolutionProperties) = preSolution
		HideSolutionNode = FALSE
	EndGlobalSection
	GlobalSection(NestedProjects) = preSolution
		{8C756F4A-BDCA-4887-8BBD-FEF1B487A08C} = {114B45AC-E390-446D-8AA4-F10C6077ECFE}
		{8312CA61-71CA-46AC-A830-9E70D5FEE0F7} = {23F76E13-88D2-4287-969E-76EC37182A01}
		{25C7166A-4D2E-4A8F-AA8E-1CB110B35126} = {AED10084-9FE1-4DE4-BF20-0168D3579612}
		{3F577A88-10E9-4987-8901-58B19A209F37} = {AED10084-9FE1-4DE4-BF20-0168D3579612}
		{72E53BB1-5013-4FBF-8E78-2DC784305E50} = {AED10084-9FE1-4DE4-BF20-0168D3579612}
		{770F89B7-B545-4BEF-9187-DCD34EB3C3B5} = {AED10084-9FE1-4DE4-BF20-0168D3579612}
	EndGlobalSection
	GlobalSection(ExtensibilityGlobals) = postSolution
		SolutionGuid = {17DF19F8-3351-4970-98A3-E6117E2E87F4}
	EndGlobalSection
EndGlobal
